
Microsoft Visual Studio Solution File, Format Version 12.00
Project("{FAE04EC0-301F-11D3-BF4B-00C04F79EFBC}") = "SQLite.Framework", "SQLite.Framework\SQLite.Framework.csproj", "{6F6EBD21-C166-4B40-956B-8889E8BFFDE6}"
EndProject
Project("{FAE04EC0-301F-11D3-BF4B-00C04F79EFBC}") = "SQLite.Framework.Tests", "SQLite.Framework.Tests\SQLite.Framework.Tests.csproj", "{78D78A0E-311A-439E-9300-061AD007C89D}"
EndProject
Global
	GlobalSection(SolutionConfigurationPlatforms) = preSolution
		Debug|Any CPU = Debug|Any CPU
		Release|Any CPU = Release|Any CPU
	EndGlobalSection
	GlobalSection(ProjectConfigurationPlatforms) = postSolution
		{6F6EBD21-C166-4B40-956B-8889E8BFFDE6}.Debug|Any CPU.ActiveCfg = Debug|Any CPU
		{6F6EBD21-C166-4B40-956B-8889E8BFFDE6}.Debug|Any CPU.Build.0 = Debug|Any CPU
		{6F6EBD21-C166-4B40-956B-8889E8BFFDE6}.Release|Any CPU.ActiveCfg = Release|Any CPU
		{6F6EBD21-C166-4B40-956B-8889E8BFFDE6}.Release|Any CPU.Build.0 = Release|Any CPU
		{78D78A0E-311A-439E-9300-061AD007C89D}.Debug|Any CPU.ActiveCfg = Debug|Any CPU
		{78D78A0E-311A-439E-9300-061AD007C89D}.Debug|Any CPU.Build.0 = Debug|Any CPU
		{78D78A0E-311A-439E-9300-061AD007C89D}.Release|Any CPU.ActiveCfg = Release|Any CPU
		{78D78A0E-311A-439E-9300-061AD007C89D}.Release|Any CPU.Build.0 = Release|Any CPU
	EndGlobalSection
EndGlobal
