
Microsoft Visual Studio Solution File, Format Version 12.00
Project("{FAE04EC0-301F-11D3-BF4B-00C04F79EFBC}") = "SQLite.Framework", "SQLite.Framework\SQLite.Framework.csproj", "{6F6EBD21-C166-4B40-956B-8889E8BFFDE6}"
EndProject
Project("{FAE04EC0-301F-11D3-BF4B-00C04F79EFBC}") = "SQLite.Framework.Tests", "Tests\SQLite.Framework.Tests\SQLite.Framework.Tests.csproj", "{78D78A0E-311A-439E-9300-061AD007C89D}"
EndProject
Project("{FAE04EC0-301F-11D3-BF4B-00C04F79EFBC}") = "SQLite.Framework.Benchmarks", "Sample\SQLite.Framework.Benchmarks\SQLite.Framework.Benchmarks.csproj", "{588CB281-C4A6-4780-A316-831A4342CE38}"
EndProject
Project("{FAE04EC0-301F-11D3-BF4B-00C04F79EFBC}") = "SQLite.Framework.Sample", "Sample\SQLite.Framework.Sample\SQLite.Framework.Sample.csproj", "{A20B2DD4-A613-4E3C-9013-6CD1F3B8A10E}"
EndProject
Project("{FAE04EC0-301F-11D3-BF4B-00C04F79EFBC}") = "SQLite.Framework.Bundled", "SQLite.Framework.Bundled\SQLite.Framework.Bundled.csproj", "{3C5FD941-FDC8-44F0-B8B5-DD6DE0777235}"
EndProject
Project("{FAE04EC0-301F-11D3-BF4B-00C04F79EFBC}") = "SQLite.Framework.Cipher", "SQLite.Framework.Cipher\SQLite.Framework.Cipher.csproj", "{FA7FF0D4-01DA-4923-A0EA-7DF24A184608}"
EndProject
Project("{FAE04EC0-301F-11D3-BF4B-00C04F79EFBC}") = "SQLite.Framework.Tests.Bundled", "Tests\SQLite.Framework.Tests.Bundled\SQLite.Framework.Tests.Bundled.csproj", "{D0B2C1B1-5BDE-48DC-84A6-515FB529BD1C}"
EndProject
Project("{FAE04EC0-301F-11D3-BF4B-00C04F79EFBC}") = "SQLite.Framework.Tests.Cipher", "Tests\SQLite.Framework.Tests.Cipher\SQLite.Framework.Tests.Cipher.csproj", "{2F3A2A7F-421A-4453-AFB3-568E17D0D268}"
EndProject
Project("{2150E333-8FDC-42A3-9474-1A3956D46DE8}") = "Tests", "Tests", "{CA33A775-A4D5-40E6-91D5-0275F759E818}"
EndProject
Project("{2150E333-8FDC-42A3-9474-1A3956D46DE8}") = "Samples", "Samples", "{619E361B-8646-4F23-B011-B61F814B70A9}"
EndProject
Project("{FAE04EC0-301F-11D3-BF4B-00C04F79EFBC}") = "SQLite.Framework.Base", "SQLite.Framework.Base\SQLite.Framework.Base.csproj", "{74666B52-6614-47E4-89BE-E4D053632B6B}"
EndProject
Project("{FAE04EC0-301F-11D3-BF4B-00C04F79EFBC}") = "SQLite.Framework.Tests.Base", "Tests\SQLite.Framework.Tests.Base\SQLite.Framework.Tests.Base.csproj", "{A5B45A93-ACDF-4E28-B605-EE1BF2241E1D}"
EndProject
Project("{FAE04EC0-301F-11D3-BF4B-00C04F79EFBC}") = "SQLite.Framework.DependencyInjection", "SQLite.Framework.DependencyInjection\SQLite.Framework.DependencyInjection.csproj", "{8CAE174B-91BA-4E5F-8222-DE30C04066B5}"
EndProject
Project("{FAE04EC0-301F-11D3-BF4B-00C04F79EFBC}") = "SQLite.Framework.SourceGenerator", "SQLite.Framework.SourceGenerator\SQLite.Framework.SourceGenerator.csproj", "{4D8462A2-A9CD-4B09-864A-582856D7F074}"
EndProject
Project("{FAE04EC0-301F-11D3-BF4B-00C04F79EFBC}") = "SQLite.Framework.Tests.SourceGenerator", "Tests\SQLite.Framework.Tests.SourceGenerator\SQLite.Framework.Tests.SourceGenerator.csproj", "{D6C96B5C-FA84-49CD-A68E-9B58FF452F8E}"
EndProject
Project("{FAE04EC0-301F-11D3-BF4B-00C04F79EFBC}") = "SQLite.Framework.Tests.NoOp", "Tests\SQLite.Framework.Tests.NoOp\SQLite.Framework.Tests.NoOp.csproj", "{8FE52DC5-2BB9-44C7-9379-42E6DC2D8000}"
EndProject
Global
	GlobalSection(SolutionConfigurationPlatforms) = preSolution
		Debug|Any CPU = Debug|Any CPU
		Debug|x64 = Debug|x64
		Debug|x86 = Debug|x86
		Release|Any CPU = Release|Any CPU
		Release|x64 = Release|x64
		Release|x86 = Release|x86
	EndGlobalSection
	GlobalSection(ProjectConfigurationPlatforms) = postSolution
		{6F6EBD21-C166-4B40-956B-8889E8BFFDE6}.Debug|Any CPU.ActiveCfg = Debug|Any CPU
		{6F6EBD21-C166-4B40-956B-8889E8BFFDE6}.Debug|Any CPU.Build.0 = Debug|Any CPU
		{6F6EBD21-C166-4B40-956B-8889E8BFFDE6}.Debug|x64.ActiveCfg = Debug|Any CPU
		{6F6EBD21-C166-4B40-956B-8889E8BFFDE6}.Debug|x64.Build.0 = Debug|Any CPU
		{6F6EBD21-C166-4B40-956B-8889E8BFFDE6}.Debug|x86.ActiveCfg = Debug|Any CPU
		{6F6EBD21-C166-4B40-956B-8889E8BFFDE6}.Debug|x86.Build.0 = Debug|Any CPU
		{6F6EBD21-C166-4B40-956B-8889E8BFFDE6}.Release|Any CPU.ActiveCfg = Release|Any CPU
		{6F6EBD21-C166-4B40-956B-8889E8BFFDE6}.Release|Any CPU.Build.0 = Release|Any CPU
		{6F6EBD21-C166-4B40-956B-8889E8BFFDE6}.Release|x64.ActiveCfg = Release|Any CPU
		{6F6EBD21-C166-4B40-956B-8889E8BFFDE6}.Release|x64.Build.0 = Release|Any CPU
		{6F6EBD21-C166-4B40-956B-8889E8BFFDE6}.Release|x86.ActiveCfg = Release|Any CPU
		{6F6EBD21-C166-4B40-956B-8889E8BFFDE6}.Release|x86.Build.0 = Release|Any CPU
		{78D78A0E-311A-439E-9300-061AD007C89D}.Debug|Any CPU.ActiveCfg = Debug|Any CPU
		{78D78A0E-311A-439E-9300-061AD007C89D}.Debug|Any CPU.Build.0 = Debug|Any CPU
		{78D78A0E-311A-439E-9300-061AD007C89D}.Debug|x64.ActiveCfg = Debug|Any CPU
		{78D78A0E-311A-439E-9300-061AD007C89D}.Debug|x64.Build.0 = Debug|Any CPU
		{78D78A0E-311A-439E-9300-061AD007C89D}.Debug|x86.ActiveCfg = Debug|Any CPU
		{78D78A0E-311A-439E-9300-061AD007C89D}.Debug|x86.Build.0 = Debug|Any CPU
		{78D78A0E-311A-439E-9300-061AD007C89D}.Release|Any CPU.ActiveCfg = Release|Any CPU
		{78D78A0E-311A-439E-9300-061AD007C89D}.Release|Any CPU.Build.0 = Release|Any CPU
		{78D78A0E-311A-439E-9300-061AD007C89D}.Release|x64.ActiveCfg = Release|Any CPU
		{78D78A0E-311A-439E-9300-061AD007C89D}.Release|x64.Build.0 = Release|Any CPU
		{78D78A0E-311A-439E-9300-061AD007C89D}.Release|x86.ActiveCfg = Release|Any CPU
		{78D78A0E-311A-439E-9300-061AD007C89D}.Release|x86.Build.0 = Release|Any CPU
		{588CB281-C4A6-4780-A316-831A4342CE38}.Debug|Any CPU.ActiveCfg = Debug|Any CPU
		{588CB281-C4A6-4780-A316-831A4342CE38}.Debug|Any CPU.Build.0 = Debug|Any CPU
		{588CB281-C4A6-4780-A316-831A4342CE38}.Debug|x64.ActiveCfg = Debug|Any CPU
		{588CB281-C4A6-4780-A316-831A4342CE38}.Debug|x64.Build.0 = Debug|Any CPU
		{588CB281-C4A6-4780-A316-831A4342CE38}.Debug|x86.ActiveCfg = Debug|Any CPU
		{588CB281-C4A6-4780-A316-831A4342CE38}.Debug|x86.Build.0 = Debug|Any CPU
		{588CB281-C4A6-4780-A316-831A4342CE38}.Release|Any CPU.ActiveCfg = Release|Any CPU
		{588CB281-C4A6-4780-A316-831A4342CE38}.Release|Any CPU.Build.0 = Release|Any CPU
		{588CB281-C4A6-4780-A316-831A4342CE38}.Release|x64.ActiveCfg = Release|Any CPU
		{588CB281-C4A6-4780-A316-831A4342CE38}.Release|x64.Build.0 = Release|Any CPU
		{588CB281-C4A6-4780-A316-831A4342CE38}.Release|x86.ActiveCfg = Release|Any CPU
		{588CB281-C4A6-4780-A316-831A4342CE38}.Release|x86.Build.0 = Release|Any CPU
		{A20B2DD4-A613-4E3C-9013-6CD1F3B8A10E}.Debug|Any CPU.ActiveCfg = Debug|Any CPU
		{A20B2DD4-A613-4E3C-9013-6CD1F3B8A10E}.Debug|Any CPU.Build.0 = Debug|Any CPU
		{A20B2DD4-A613-4E3C-9013-6CD1F3B8A10E}.Debug|x64.ActiveCfg = Debug|Any CPU
		{A20B2DD4-A613-4E3C-9013-6CD1F3B8A10E}.Debug|x64.Build.0 = Debug|Any CPU
		{A20B2DD4-A613-4E3C-9013-6CD1F3B8A10E}.Debug|x86.ActiveCfg = Debug|Any CPU
		{A20B2DD4-A613-4E3C-9013-6CD1F3B8A10E}.Debug|x86.Build.0 = Debug|Any CPU
		{A20B2DD4-A613-4E3C-9013-6CD1F3B8A10E}.Release|Any CPU.ActiveCfg = Release|Any CPU
		{A20B2DD4-A613-4E3C-9013-6CD1F3B8A10E}.Release|Any CPU.Build.0 = Release|Any CPU
		{A20B2DD4-A613-4E3C-9013-6CD1F3B8A10E}.Release|x64.ActiveCfg = Release|Any CPU
		{A20B2DD4-A613-4E3C-9013-6CD1F3B8A10E}.Release|x64.Build.0 = Release|Any CPU
		{A20B2DD4-A613-4E3C-9013-6CD1F3B8A10E}.Release|x86.ActiveCfg = Release|Any CPU
		{A20B2DD4-A613-4E3C-9013-6CD1F3B8A10E}.Release|x86.Build.0 = Release|Any CPU
		{3C5FD941-FDC8-44F0-B8B5-DD6DE0777235}.Debug|Any CPU.ActiveCfg = Debug|Any CPU
		{3C5FD941-FDC8-44F0-B8B5-DD6DE0777235}.Debug|Any CPU.Build.0 = Debug|Any CPU
		{3C5FD941-FDC8-44F0-B8B5-DD6DE0777235}.Debug|x64.ActiveCfg = Debug|Any CPU
		{3C5FD941-FDC8-44F0-B8B5-DD6DE0777235}.Debug|x64.Build.0 = Debug|Any CPU
		{3C5FD941-FDC8-44F0-B8B5-DD6DE0777235}.Debug|x86.ActiveCfg = Debug|Any CPU
		{3C5FD941-FDC8-44F0-B8B5-DD6DE0777235}.Debug|x86.Build.0 = Debug|Any CPU
		{3C5FD941-FDC8-44F0-B8B5-DD6DE0777235}.Release|Any CPU.ActiveCfg = Release|Any CPU
		{3C5FD941-FDC8-44F0-B8B5-DD6DE0777235}.Release|Any CPU.Build.0 = Release|Any CPU
		{3C5FD941-FDC8-44F0-B8B5-DD6DE0777235}.Release|x64.ActiveCfg = Release|Any CPU
		{3C5FD941-FDC8-44F0-B8B5-DD6DE0777235}.Release|x64.Build.0 = Release|Any CPU
		{3C5FD941-FDC8-44F0-B8B5-DD6DE0777235}.Release|x86.ActiveCfg = Release|Any CPU
		{3C5FD941-FDC8-44F0-B8B5-DD6DE0777235}.Release|x86.Build.0 = Release|Any CPU
		{FA7FF0D4-01DA-4923-A0EA-7DF24A184608}.Debug|Any CPU.ActiveCfg = Debug|Any CPU
		{FA7FF0D4-01DA-4923-A0EA-7DF24A184608}.Debug|Any CPU.Build.0 = Debug|Any CPU
		{FA7FF0D4-01DA-4923-A0EA-7DF24A184608}.Debug|x64.ActiveCfg = Debug|Any CPU
		{FA7FF0D4-01DA-4923-A0EA-7DF24A184608}.Debug|x64.Build.0 = Debug|Any CPU
		{FA7FF0D4-01DA-4923-A0EA-7DF24A184608}.Debug|x86.ActiveCfg = Debug|Any CPU
		{FA7FF0D4-01DA-4923-A0EA-7DF24A184608}.Debug|x86.Build.0 = Debug|Any CPU
		{FA7FF0D4-01DA-4923-A0EA-7DF24A184608}.Release|Any CPU.ActiveCfg = Release|Any CPU
		{FA7FF0D4-01DA-4923-A0EA-7DF24A184608}.Release|Any CPU.Build.0 = Release|Any CPU
		{FA7FF0D4-01DA-4923-A0EA-7DF24A184608}.Release|x64.ActiveCfg = Release|Any CPU
		{FA7FF0D4-01DA-4923-A0EA-7DF24A184608}.Release|x64.Build.0 = Release|Any CPU
		{FA7FF0D4-01DA-4923-A0EA-7DF24A184608}.Release|x86.ActiveCfg = Release|Any CPU
		{FA7FF0D4-01DA-4923-A0EA-7DF24A184608}.Release|x86.Build.0 = Release|Any CPU
		{D0B2C1B1-5BDE-48DC-84A6-515FB529BD1C}.Debug|Any CPU.ActiveCfg = Debug|Any CPU
		{D0B2C1B1-5BDE-48DC-84A6-515FB529BD1C}.Debug|Any CPU.Build.0 = Debug|Any CPU
		{D0B2C1B1-5BDE-48DC-84A6-515FB529BD1C}.Debug|x64.ActiveCfg = Debug|Any CPU
		{D0B2C1B1-5BDE-48DC-84A6-515FB529BD1C}.Debug|x64.Build.0 = Debug|Any CPU
		{D0B2C1B1-5BDE-48DC-84A6-515FB529BD1C}.Debug|x86.ActiveCfg = Debug|Any CPU
		{D0B2C1B1-5BDE-48DC-84A6-515FB529BD1C}.Debug|x86.Build.0 = Debug|Any CPU
		{D0B2C1B1-5BDE-48DC-84A6-515FB529BD1C}.Release|Any CPU.ActiveCfg = Release|Any CPU
		{D0B2C1B1-5BDE-48DC-84A6-515FB529BD1C}.Release|Any CPU.Build.0 = Release|Any CPU
		{D0B2C1B1-5BDE-48DC-84A6-515FB529BD1C}.Release|x64.ActiveCfg = Release|Any CPU
		{D0B2C1B1-5BDE-48DC-84A6-515FB529BD1C}.Release|x64.Build.0 = Release|Any CPU
		{D0B2C1B1-5BDE-48DC-84A6-515FB529BD1C}.Release|x86.ActiveCfg = Release|Any CPU
		{D0B2C1B1-5BDE-48DC-84A6-515FB529BD1C}.Release|x86.Build.0 = Release|Any CPU
		{2F3A2A7F-421A-4453-AFB3-568E17D0D268}.Debug|Any CPU.ActiveCfg = Debug|Any CPU
		{2F3A2A7F-421A-4453-AFB3-568E17D0D268}.Debug|Any CPU.Build.0 = Debug|Any CPU
		{2F3A2A7F-421A-4453-AFB3-568E17D0D268}.Debug|x64.ActiveCfg = Debug|Any CPU
		{2F3A2A7F-421A-4453-AFB3-568E17D0D268}.Debug|x64.Build.0 = Debug|Any CPU
		{2F3A2A7F-421A-4453-AFB3-568E17D0D268}.Debug|x86.ActiveCfg = Debug|Any CPU
		{2F3A2A7F-421A-4453-AFB3-568E17D0D268}.Debug|x86.Build.0 = Debug|Any CPU
		{2F3A2A7F-421A-4453-AFB3-568E17D0D268}.Release|Any CPU.ActiveCfg = Release|Any CPU
		{2F3A2A7F-421A-4453-AFB3-568E17D0D268}.Release|Any CPU.Build.0 = Release|Any CPU
		{2F3A2A7F-421A-4453-AFB3-568E17D0D268}.Release|x64.ActiveCfg = Release|Any CPU
		{2F3A2A7F-421A-4453-AFB3-568E17D0D268}.Release|x64.Build.0 = Release|Any CPU
		{2F3A2A7F-421A-4453-AFB3-568E17D0D268}.Release|x86.ActiveCfg = Release|Any CPU
		{2F3A2A7F-421A-4453-AFB3-568E17D0D268}.Release|x86.Build.0 = Release|Any CPU
		{74666B52-6614-47E4-89BE-E4D053632B6B}.Debug|Any CPU.ActiveCfg = Debug|Any CPU
		{74666B52-6614-47E4-89BE-E4D053632B6B}.Debug|Any CPU.Build.0 = Debug|Any CPU
		{74666B52-6614-47E4-89BE-E4D053632B6B}.Debug|x64.ActiveCfg = Debug|Any CPU
		{74666B52-6614-47E4-89BE-E4D053632B6B}.Debug|x64.Build.0 = Debug|Any CPU
		{74666B52-6614-47E4-89BE-E4D053632B6B}.Debug|x86.ActiveCfg = Debug|Any CPU
		{74666B52-6614-47E4-89BE-E4D053632B6B}.Debug|x86.Build.0 = Debug|Any CPU
		{74666B52-6614-47E4-89BE-E4D053632B6B}.Release|Any CPU.ActiveCfg = Release|Any CPU
		{74666B52-6614-47E4-89BE-E4D053632B6B}.Release|Any CPU.Build.0 = Release|Any CPU
		{74666B52-6614-47E4-89BE-E4D053632B6B}.Release|x64.ActiveCfg = Release|Any CPU
		{74666B52-6614-47E4-89BE-E4D053632B6B}.Release|x64.Build.0 = Release|Any CPU
		{74666B52-6614-47E4-89BE-E4D053632B6B}.Release|x86.ActiveCfg = Release|Any CPU
		{74666B52-6614-47E4-89BE-E4D053632B6B}.Release|x86.Build.0 = Release|Any CPU
		{A5B45A93-ACDF-4E28-B605-EE1BF2241E1D}.Debug|Any CPU.ActiveCfg = Debug|Any CPU
		{A5B45A93-ACDF-4E28-B605-EE1BF2241E1D}.Debug|Any CPU.Build.0 = Debug|Any CPU
		{A5B45A93-ACDF-4E28-B605-EE1BF2241E1D}.Debug|x64.ActiveCfg = Debug|Any CPU
		{A5B45A93-ACDF-4E28-B605-EE1BF2241E1D}.Debug|x64.Build.0 = Debug|Any CPU
		{A5B45A93-ACDF-4E28-B605-EE1BF2241E1D}.Debug|x86.ActiveCfg = Debug|Any CPU
		{A5B45A93-ACDF-4E28-B605-EE1BF2241E1D}.Debug|x86.Build.0 = Debug|Any CPU
		{A5B45A93-ACDF-4E28-B605-EE1BF2241E1D}.Release|Any CPU.ActiveCfg = Release|Any CPU
		{A5B45A93-ACDF-4E28-B605-EE1BF2241E1D}.Release|Any CPU.Build.0 = Release|Any CPU
		{A5B45A93-ACDF-4E28-B605-EE1BF2241E1D}.Release|x64.ActiveCfg = Release|Any CPU
		{A5B45A93-ACDF-4E28-B605-EE1BF2241E1D}.Release|x64.Build.0 = Release|Any CPU
		{A5B45A93-ACDF-4E28-B605-EE1BF2241E1D}.Release|x86.ActiveCfg = Release|Any CPU
		{A5B45A93-ACDF-4E28-B605-EE1BF2241E1D}.Release|x86.Build.0 = Release|Any CPU
		{8CAE174B-91BA-4E5F-8222-DE30C04066B5}.Debug|Any CPU.ActiveCfg = Debug|Any CPU
		{8CAE174B-91BA-4E5F-8222-DE30C04066B5}.Debug|Any CPU.Build.0 = Debug|Any CPU
		{8CAE174B-91BA-4E5F-8222-DE30C04066B5}.Debug|x64.ActiveCfg = Debug|Any CPU
		{8CAE174B-91BA-4E5F-8222-DE30C04066B5}.Debug|x64.Build.0 = Debug|Any CPU
		{8CAE174B-91BA-4E5F-8222-DE30C04066B5}.Debug|x86.ActiveCfg = Debug|Any CPU
		{8CAE174B-91BA-4E5F-8222-DE30C04066B5}.Debug|x86.Build.0 = Debug|Any CPU
		{8CAE174B-91BA-4E5F-8222-DE30C04066B5}.Release|Any CPU.ActiveCfg = Release|Any CPU
		{8CAE174B-91BA-4E5F-8222-DE30C04066B5}.Release|Any CPU.Build.0 = Release|Any CPU
		{8CAE174B-91BA-4E5F-8222-DE30C04066B5}.Release|x64.ActiveCfg = Release|Any CPU
		{8CAE174B-91BA-4E5F-8222-DE30C04066B5}.Release|x64.Build.0 = Release|Any CPU
		{8CAE174B-91BA-4E5F-8222-DE30C04066B5}.Release|x86.ActiveCfg = Release|Any CPU
		{8CAE174B-91BA-4E5F-8222-DE30C04066B5}.Release|x86.Build.0 = Release|Any CPU
		{4D8462A2-A9CD-4B09-864A-582856D7F074}.Debug|Any CPU.ActiveCfg = Debug|Any CPU
		{4D8462A2-A9CD-4B09-864A-582856D7F074}.Debug|Any CPU.Build.0 = Debug|Any CPU
		{4D8462A2-A9CD-4B09-864A-582856D7F074}.Debug|x64.ActiveCfg = Debug|Any CPU
		{4D8462A2-A9CD-4B09-864A-582856D7F074}.Debug|x64.Build.0 = Debug|Any CPU
		{4D8462A2-A9CD-4B09-864A-582856D7F074}.Debug|x86.ActiveCfg = Debug|Any CPU
		{4D8462A2-A9CD-4B09-864A-582856D7F074}.Debug|x86.Build.0 = Debug|Any CPU
		{4D8462A2-A9CD-4B09-864A-582856D7F074}.Release|Any CPU.ActiveCfg = Release|Any CPU
		{4D8462A2-A9CD-4B09-864A-582856D7F074}.Release|Any CPU.Build.0 = Release|Any CPU
		{4D8462A2-A9CD-4B09-864A-582856D7F074}.Release|x64.ActiveCfg = Release|Any CPU
		{4D8462A2-A9CD-4B09-864A-582856D7F074}.Release|x64.Build.0 = Release|Any CPU
		{4D8462A2-A9CD-4B09-864A-582856D7F074}.Release|x86.ActiveCfg = Release|Any CPU
		{4D8462A2-A9CD-4B09-864A-582856D7F074}.Release|x86.Build.0 = Release|Any CPU
		{D6C96B5C-FA84-49CD-A68E-9B58FF452F8E}.Debug|Any CPU.ActiveCfg = Debug|Any CPU
		{D6C96B5C-FA84-49CD-A68E-9B58FF452F8E}.Debug|Any CPU.Build.0 = Debug|Any CPU
		{D6C96B5C-FA84-49CD-A68E-9B58FF452F8E}.Debug|x64.ActiveCfg = Debug|Any CPU
		{D6C96B5C-FA84-49CD-A68E-9B58FF452F8E}.Debug|x64.Build.0 = Debug|Any CPU
		{D6C96B5C-FA84-49CD-A68E-9B58FF452F8E}.Debug|x86.ActiveCfg = Debug|Any CPU
		{D6C96B5C-FA84-49CD-A68E-9B58FF452F8E}.Debug|x86.Build.0 = Debug|Any CPU
		{D6C96B5C-FA84-49CD-A68E-9B58FF452F8E}.Release|Any CPU.ActiveCfg = Release|Any CPU
		{D6C96B5C-FA84-49CD-A68E-9B58FF452F8E}.Release|Any CPU.Build.0 = Release|Any CPU
		{D6C96B5C-FA84-49CD-A68E-9B58FF452F8E}.Release|x64.ActiveCfg = Release|Any CPU
		{D6C96B5C-FA84-49CD-A68E-9B58FF452F8E}.Release|x64.Build.0 = Release|Any CPU
		{D6C96B5C-FA84-49CD-A68E-9B58FF452F8E}.Release|x86.ActiveCfg = Release|Any CPU
		{D6C96B5C-FA84-49CD-A68E-9B58FF452F8E}.Release|x86.Build.0 = Release|Any CPU
		{8FE52DC5-2BB9-44C7-9379-42E6DC2D8000}.Debug|Any CPU.ActiveCfg = Debug|Any CPU
		{8FE52DC5-2BB9-44C7-9379-42E6DC2D8000}.Debug|Any CPU.Build.0 = Debug|Any CPU
		{8FE52DC5-2BB9-44C7-9379-42E6DC2D8000}.Debug|x64.ActiveCfg = Debug|Any CPU
		{8FE52DC5-2BB9-44C7-9379-42E6DC2D8000}.Debug|x64.Build.0 = Debug|Any CPU
		{8FE52DC5-2BB9-44C7-9379-42E6DC2D8000}.Debug|x86.ActiveCfg = Debug|Any CPU
		{8FE52DC5-2BB9-44C7-9379-42E6DC2D8000}.Debug|x86.Build.0 = Debug|Any CPU
		{8FE52DC5-2BB9-44C7-9379-42E6DC2D8000}.Release|Any CPU.ActiveCfg = Release|Any CPU
		{8FE52DC5-2BB9-44C7-9379-42E6DC2D8000}.Release|Any CPU.Build.0 = Release|Any CPU
		{8FE52DC5-2BB9-44C7-9379-42E6DC2D8000}.Release|x64.ActiveCfg = Release|Any CPU
		{8FE52DC5-2BB9-44C7-9379-42E6DC2D8000}.Release|x64.Build.0 = Release|Any CPU
		{8FE52DC5-2BB9-44C7-9379-42E6DC2D8000}.Release|x86.ActiveCfg = Release|Any CPU
		{8FE52DC5-2BB9-44C7-9379-42E6DC2D8000}.Release|x86.Build.0 = Release|Any CPU
	EndGlobalSection
	GlobalSection(SolutionProperties) = preSolution
		HideSolutionNode = FALSE
	EndGlobalSection
	GlobalSection(NestedProjects) = preSolution
		{78D78A0E-311A-439E-9300-061AD007C89D} = {CA33A775-A4D5-40E6-91D5-0275F759E818}
		{588CB281-C4A6-4780-A316-831A4342CE38} = {619E361B-8646-4F23-B011-B61F814B70A9}
		{A20B2DD4-A613-4E3C-9013-6CD1F3B8A10E} = {619E361B-8646-4F23-B011-B61F814B70A9}
		{D0B2C1B1-5BDE-48DC-84A6-515FB529BD1C} = {CA33A775-A4D5-40E6-91D5-0275F759E818}
		{2F3A2A7F-421A-4453-AFB3-568E17D0D268} = {CA33A775-A4D5-40E6-91D5-0275F759E818}
		{A5B45A93-ACDF-4E28-B605-EE1BF2241E1D} = {CA33A775-A4D5-40E6-91D5-0275F759E818}
		{D6C96B5C-FA84-49CD-A68E-9B58FF452F8E} = {CA33A775-A4D5-40E6-91D5-0275F759E818}
		{8FE52DC5-2BB9-44C7-9379-42E6DC2D8000} = {CA33A775-A4D5-40E6-91D5-0275F759E818}
	EndGlobalSection
EndGlobal
